<?xml version="1.0" encoding="UTF-8"?>
<!DOCTYPE plist PUBLIC "-//Apple//DTD PLIST 1.0//EN" "http://www.apple.com/DTDs/PropertyList-1.0.dtd">
<plist version="1.0">
<dict>
	<key>archiveVersion</key>
	<string>1</string>
	<key>classes</key>
	<dict/>
	<key>objectVersion</key>
	<string>77</string>
	<key>objects</key>
	<dict>
		<key>6DE890FBB28F858FB1B09379</key>
		<dict>
			<key>isa</key>
			<string>PBXFileReference</string>
			<key>lastKnownFileType</key>
			<string>sourcecode.swift</string>
			<key>path</key>
			<string>AppDelegate.swift</string>
			<key>sourceTree</key>
			<string>&lt;group&gt;</string>
		</dict>
		<key>1232A794FBF7BE9E017CD850</key>
		<dict>
			<key>isa</key>
			<string>PBXFileReference</string>
			<key>lastKnownFileType</key>
			<string>sourcecode.swift</string>
			<key>path</key>
			<string>AppLogger.swift</string>
			<key>sourceTree</key>
			<string>&lt;group&gt;</string>
		</dict>
		<key>EC31A07460A5811F51326D6E</key>
		<dict>
			<key>isa</key>
			<string>PBXFileReference</string>
			<key>lastKnownFileType</key>
			<string>sourcecode.swift</string>
			<key>path</key>
			<string>CanoeApp.swift</string>
			<key>sourceTree</key>
			<string>&lt;group&gt;</string>
		</dict>
		<key>D3022367E3F16883080B2FC4</key>
		<dict>
			<key>isa</key>
			<string>PBXGroup</string>
			<key>children</key>
			<array>
				<string>2A767C42CD45596B2753DBCF</string>
				<string>D2B1493FB2A0B1D7B4E3F83B</string>
				<string>A8AC410F27BA79869B801A32</string>
				<string>520541D01C2EC01E12272487</string>
				<string>9350CE255EE025AE7959FE42</string>
				<string>299EC2CFCEEA4F342875E654</string>
				<string>CA786F8E47E83C605AEFC54D</string>
				<string>8F5F2A43EFEBCF77AE7E8B52</string>
				<string>B5B6206BD20548AC78A2717D</string>
				<string>A669E68E77BF906559BEC64F</string>
				<string>E792DA869FEEF7AA78059F7F</string>
				<string>3049225A7962DFF73542FF2D</string>
				<string>6DE890FBB28F858FB1B09379</string>
				<string>1232A794FBF7BE9E017CD850</string>
				<string>EC31A07460A5811F51326D6E</string>
			</array>
			<key>sourceTree</key>
			<string>&lt;group&gt;</string>
			<key>path</key>
			<string>Sources/Canoe</string>
		</dict>
		<key>2A767C42CD45596B2753DBCF</key>
		<dict>
			<key>isa</key>
			<string>PBXGroup</string>
			<key>children</key>
			<array>
				<string>A610393CD09BFA3B6632618A</string>
				<string>10B9AF563FB9D1107BAA9DEF</string>
			</array>
			<key>sourceTree</key>
			<string>&lt;group&gt;</string>
			<key>path</key>
			<string>Collection</string>
		</dict>
		<key>C7C7C4D8D12B2FBFBBCD7F7A</key>
		<dict>
			<key>isa</key>
			<string>PBXFileReference</string>
			<key>lastKnownFileType</key>
			<string>sourcecode.swift</string>
			<key>path</key>
			<string>HTTPMethod+Presentation.swift</string>
			<key>sourceTree</key>
			<string>&lt;group&gt;</string>
		</dict>
		<key>B91B503E037275772DD2A6A1</key>
		<dict>
			<key>isa</key>
			<string>PBXFileReference</string>
			<key>lastKnownFileType</key>
			<string>sourcecode.swift</string>
			<key>path</key>
			<string>KeyValueEditor.swift</string>
			<key>sourceTree</key>
			<string>&lt;group&gt;</string>
		</dict>
		<key>433DB61F7EF76D1BB0FA6FF5</key>
		<dict>
			<key>isa</key>
			<string>PBXFileReference</string>
			<key>lastKnownFileType</key>
			<string>sourcecode.swift</string>
			<key>path</key>
			<string>UIComponents.swift</string>
			<key>sourceTree</key>
			<string>&lt;group&gt;</string>
		</dict>
		<key>D2B1493FB2A0B1D7B4E3F83B</key>
		<dict>
			<key>isa</key>
			<string>PBXGroup</string>
			<key>children</key>
			<array>
				<string>C7C7C4D8D12B2FBFBBCD7F7A</string>
				<string>B91B503E037275772DD2A6A1</string>
				<string>433DB61F7EF76D1BB0FA6FF5</string>
			</array>
			<key>sourceTree</key>
			<string>&lt;group&gt;</string>
			<key>path</key>
			<string>Components</string>
		</dict>
		<key>DCFE401E39B16C0E3F575E96</key>
		<dict>
			<key>isa</key>
			<string>PBXFileReference</string>
			<key>lastKnownFileType</key>
			<string>sourcecode.swift</string>
			<key>path</key>
			<string>JSONSyntaxHighlight.swift</string>
			<key>sourceTree</key>
			<string>&lt;group&gt;</string>
		</dict>
		<key>463C03345AEB1A2F4D009D5C</key>
		<dict>
			<key>isa</key>
			<string>PBXFileReference</string>
			<key>lastKnownFileType</key>
			<string>sourcecode.swift</string>
			<key>path</key>
			<string>VariableCompletion.swift</string>
			<key>sourceTree</key>
			<string>&lt;group&gt;</string>
		</dict>
		<key>29D0F9950EE7A654D999EDDB</key>
		<dict>
			<key>isa</key>
			<string>PBXFileReference</string>
			<key>lastKnownFileType</key>
			<string>sourcecode.swift</string>
			<key>path</key>
			<string>VariableCompletionPopup.swift</string>
			<key>sourceTree</key>
			<string>&lt;group&gt;</string>
		</dict>
		<key>8770709A5599F706B1DFFB07</key>
		<dict>
			<key>isa</key>
			<string>PBXFileReference</string>
			<key>lastKnownFileType</key>
			<string>sourcecode.swift</string>
			<key>path</key>
			<string>VariableHighlightEditor.swift</string>
			<key>sourceTree</key>
			<string>&lt;group&gt;</string>
		</dict>
		<key>A8AC410F27BA79869B801A32</key>
		<dict>
			<key>isa</key>
			<string>PBXGroup</string>
			<key>children</key>
			<array>
				<string>DCFE401E39B16C0E3F575E96</string>
				<string>463C03345AEB1A2F4D009D5C</string>
				<string>29D0F9950EE7A654D999EDDB</string>
				<string>8770709A5599F706B1DFFB07</string>
			</array>
			<key>sourceTree</key>
			<string>&lt;group&gt;</string>
			<key>path</key>
			<string>Editor</string>
		</dict>
		<key>520541D01C2EC01E12272487</key>
		<dict>
			<key>isa</key>
			<string>PBXGroup</string>
			<key>children</key>
			<array>
				<string>B321DBAB97B3F5CBE835F969</string>
				<string>FBB2891E728A5EE01D4CA90A</string>
			</array>
			<key>sourceTree</key>
			<string>&lt;group&gt;</string>
			<key>path</key>
			<string>Environment</string>
		</dict>
		<key>EBB11063F5D37FF3F33DE52D</key>
		<dict>
			<key>isa</key>
			<string>PBXFileReference</string>
			<key>lastKnownFileType</key>
			<string>sourcecode.swift</string>
			<key>path</key>
			<string>HTTPClient.swift</string>
			<key>sourceTree</key>
			<string>&lt;group&gt;</string>
		</dict>
		<key>AC64FA0CE9C3B946CA8E78B4</key>
		<dict>
			<key>isa</key>
			<string>PBXFileReference</string>
			<key>lastKnownFileType</key>
			<string>sourcecode.swift</string>
			<key>path</key>
			<string>MultipartForm.swift</string>
			<key>sourceTree</key>
			<string>&lt;group&gt;</string>
		</dict>
		<key>9350CE255EE025AE7959FE42</key>
		<dict>
			<key>isa</key>
			<string>PBXGroup</string>
			<key>children</key>
			<array>
				<string>EBB11063F5D37FF3F33DE52D</string>
				<string>AC64FA0CE9C3B946CA8E78B4</string>
			</array>
			<key>sourceTree</key>
			<string>&lt;group&gt;</string>
			<key>path</key>
			<string>HTTP</string>
		</dict>
		<key>299EC2CFCEEA4F342875E654</key>
		<dict>
			<key>isa</key>
			<string>PBXGroup</string>
			<key>children</key>
			<array>
				<string>2E7F227A9CBBBF6F54246371</string>
				<string>29FED70F648C35A54DEE372C</string>
			</array>
			<key>sourceTree</key>
			<string>&lt;group&gt;</string>
			<key>path</key>
			<string>Request</string>
		</dict>
		<key>CA786F8E47E83C605AEFC54D</key>
		<dict>
			<key>isa</key>
			<string>PBXGroup</string>
			<key>children</key>
			<array>
				<string>04B2E2A7D394EEDF53A1E9A4</string>
				<string>69F933A3AE5ACABDC6C04A0E</string>
			</array>
			<key>sourceTree</key>
			<string>&lt;group&gt;</string>
			<key>path</key>
			<string>Response</string>
		</dict>
		<key>FE9C6E5CB4ED62A73788BAFE</key>
		<dict>
			<key>isa</key>
			<string>PBXFileReference</string>
			<key>lastKnownFileType</key>
			<string>sourcecode.swift</string>
			<key>path</key>
			<string>AppStore.swift</string>
			<key>sourceTree</key>
			<string>&lt;group&gt;</string>
		</dict>
		<key>5041A6E05B95FCC41FF5AD5C</key>
		<dict>
			<key>isa</key>
			<string>PBXFileReference</string>
			<key>lastKnownFileType</key>
			<string>sourcecode.swift</string>
			<key>path</key>
			<string>FileStore.swift</string>
			<key>sourceTree</key>
			<string>&lt;group&gt;</string>
		</dict>
		<key>6480FF2FD7F14694067E8D70</key>
		<dict>
			<key>isa</key>
			<string>PBXFileReference</string>
			<key>lastKnownFileType</key>
			<string>sourcecode.swift</string>
			<key>path</key>
			<string>VaultConfig.swift</string>
			<key>sourceTree</key>
			<string>&lt;group&gt;</string>
		</dict>
		<key>DD27AA0B5E1C896A6617D701</key>
		<dict>
			<key>isa</key>
			<string>PBXFileReference</string>
			<key>lastKnownFileType</key>
			<string>sourcecode.swift</string>
			<key>path</key>
			<string>VaultStore.swift</string>
			<key>sourceTree</key>
			<string>&lt;group&gt;</string>
		</dict>
		<key>8F5F2A43EFEBCF77AE7E8B52</key>
		<dict>
			<key>isa</key>
			<string>PBXGroup</string>
			<key>children</key>
			<array>
				<string>FE9C6E5CB4ED62A73788BAFE</string>
				<string>5041A6E05B95FCC41FF5AD5C</string>
				<string>6480FF2FD7F14694067E8D70</string>
				<string>DD27AA0B5E1C896A6617D701</string>
			</array>
			<key>sourceTree</key>
			<string>&lt;group&gt;</string>
			<key>path</key>
			<string>Session</string>
		</dict>
		<key>64FD0C7C8F58B10195C7071D</key>
		<dict>
			<key>isa</key>
			<string>PBXFileReference</string>
			<key>lastKnownFileType</key>
			<string>sourcecode.swift</string>
			<key>path</key>
			<string>AppAppearance.swift</string>
			<key>sourceTree</key>
			<string>&lt;group&gt;</string>
		</dict>
		<key>FDD7B949E5E900076BB79121</key>
		<dict>
			<key>isa</key>
			<string>PBXFileReference</string>
			<key>lastKnownFileType</key>
			<string>sourcecode.swift</string>
			<key>path</key>
			<string>AppColor.swift</string>
			<key>sourceTree</key>
			<string>&lt;group&gt;</string>
		</dict>
		<key>CC5965BB252021BC4DE68025</key>
		<dict>
			<key>isa</key>
			<string>PBXFileReference</string>
			<key>lastKnownFileType</key>
			<string>sourcecode.swift</string>
			<key>path</key>
			<string>AppFont.swift</string>
			<key>sourceTree</key>
			<string>&lt;group&gt;</string>
		</dict>
		<key>45952E90724692DB69A0F2B2</key>
		<dict>
			<key>isa</key>
			<string>PBXFileReference</string>
			<key>lastKnownFileType</key>
			<string>sourcecode.swift</string>
			<key>path</key>
			<string>AppMetrics.swift</string>
			<key>sourceTree</key>
			<string>&lt;group&gt;</string>
		</dict>
		<key>A669E68E77BF906559BEC64F</key>
		<dict>
			<key>isa</key>
			<string>PBXGroup</string>
			<key>children</key>
			<array>
				<string>64FD0C7C8F58B10195C7071D</string>
				<string>FDD7B949E5E900076BB79121</string>
				<string>CC5965BB252021BC4DE68025</string>
				<string>45952E90724692DB69A0F2B2</string>
			</array>
			<key>sourceTree</key>
			<string>&lt;group&gt;</string>
			<key>path</key>
			<string>Theme</string>
		</dict>
		<key>E792DA869FEEF7AA78059F7F</key>
		<dict>
			<key>isa</key>
			<string>PBXGroup</string>
			<key>children</key>
			<array>
				<string>CF3C9A91331FA873D4423927</string>
				<string>CC5CCC9DD00F76DC3DEA5298</string>
			</array>
			<key>sourceTree</key>
			<string>&lt;group&gt;</string>
			<key>path</key>
			<string>Variables</string>
		</dict>
		<key>3049225A7962DFF73542FF2D</key>
		<dict>
			<key>isa</key>
			<string>PBXGroup</string>
			<key>children</key>
			<array>
				<string>47A8ED19BDE3AA5003E1403D</string>
				<string>630C5B0850780499C0CC9B56</string>
			</array>
			<key>sourceTree</key>
			<string>&lt;group&gt;</string>
			<key>path</key>
			<string>Workspace</string>
		</dict>
		<key>06D810E57FA373A1064C9127</key>
		<dict>
			<key>isa</key>
			<string>PBXFileReference</string>
			<key>lastKnownFileType</key>
			<string>sourcecode.swift</string>
			<key>path</key>
			<string>Collection.swift</string>
			<key>sourceTree</key>
			<string>&lt;group&gt;</string>
		</dict>
		<key>BEE9B35ED017F41C7177505D</key>
		<dict>
			<key>isa</key>
			<string>PBXFileReference</string>
			<key>lastKnownFileType</key>
			<string>sourcecode.swift</string>
			<key>path</key>
			<string>Folder.swift</string>
			<key>sourceTree</key>
			<string>&lt;group&gt;</string>
		</dict>
		<key>A610393CD09BFA3B6632618A</key>
		<dict>
			<key>isa</key>
			<string>PBXGroup</string>
			<key>children</key>
			<array>
				<string>06D810E57FA373A1064C9127</string>
				<string>BEE9B35ED017F41C7177505D</string>
			</array>
			<key>sourceTree</key>
			<string>&lt;group&gt;</string>
			<key>path</key>
			<string>Models</string>
		</dict>
		<key>D544A6AD96EA82868F73DA77</key>
		<dict>
			<key>isa</key>
			<string>PBXFileReference</string>
			<key>lastKnownFileType</key>
			<string>sourcecode.swift</string>
			<key>path</key>
			<string>CollectionDetailView.swift</string>
			<key>sourceTree</key>
			<string>&lt;group&gt;</string>
		</dict>
		<key>10B9AF563FB9D1107BAA9DEF</key>
		<dict>
			<key>isa</key>
			<string>PBXGroup</string>
			<key>children</key>
			<array>
				<string>D544A6AD96EA82868F73DA77</string>
			</array>
			<key>sourceTree</key>
			<string>&lt;group&gt;</string>
			<key>path</key>
			<string>Views</string>
		</dict>
		<key>7C22B87C37576868FB2DB7E3</key>
		<dict>
			<key>isa</key>
			<string>PBXFileReference</string>
			<key>lastKnownFileType</key>
			<string>sourcecode.swift</string>
			<key>path</key>
			<string>EnvProfile.swift</string>
			<key>sourceTree</key>
			<string>&lt;group&gt;</string>
		</dict>
		<key>B321DBAB97B3F5CBE835F969</key>
		<dict>
			<key>isa</key>
			<string>PBXGroup</string>
			<key>children</key>
			<array>
				<string>7C22B87C37576868FB2DB7E3</string>
			</array>
			<key>sourceTree</key>
			<string>&lt;group&gt;</string>
			<key>path</key>
			<string>Models</string>
		</dict>
		<key>88A9C21F9C38ADAAA61E4F1C</key>
		<dict>
			<key>isa</key>
			<string>PBXFileReference</string>
			<key>lastKnownFileType</key>
			<string>sourcecode.swift</string>
			<key>path</key>
			<string>EnvironmentDetailView.swift</string>
			<key>sourceTree</key>
			<string>&lt;group&gt;</string>
		</dict>
		<key>FBB2891E728A5EE01D4CA90A</key>
		<dict>
			<key>isa</key>
			<string>PBXGroup</string>
			<key>children</key>
			<array>
				<string>88A9C21F9C38ADAAA61E4F1C</string>
			</array>
			<key>sourceTree</key>
			<string>&lt;group&gt;</string>
			<key>path</key>
			<string>Views</string>
		</dict>
		<key>206E63282E786D9E22FA9BDD</key>
		<dict>
			<key>isa</key>
			<string>PBXFileReference</string>
			<key>lastKnownFileType</key>
			<string>sourcecode.swift</string>
			<key>path</key>
			<string>CodeSnippetGenerator.swift</string>
			<key>sourceTree</key>
			<string>&lt;group&gt;</string>
		</dict>
		<key>A4A5ABF12C5043B729F6D6A5</key>
		<dict>
			<key>isa</key>
			<string>PBXFileReference</string>
			<key>lastKnownFileType</key>
			<string>sourcecode.swift</string>
			<key>path</key>
			<string>HTTPHeader.swift</string>
			<key>sourceTree</key>
			<string>&lt;group&gt;</string>
		</dict>
		<key>2E0043206B2210BC059614B6</key>
		<dict>
			<key>isa</key>
			<string>PBXFileReference</string>
			<key>lastKnownFileType</key>
			<string>sourcecode.swift</string>
			<key>path</key>
			<string>HTTPMethod.swift</string>
			<key>sourceTree</key>
			<string>&lt;group&gt;</string>
		</dict>
		<key>79ED2B0B74A1422C20512C14</key>
		<dict>
			<key>isa</key>
			<string>PBXFileReference</string>
			<key>lastKnownFileType</key>
			<string>sourcecode.swift</string>
			<key>path</key>
			<string>QueryParam.swift</string>
			<key>sourceTree</key>
			<string>&lt;group&gt;</string>
		</dict>
		<key>94EF2E1EBD80AFEE3245401C</key>
		<dict>
			<key>isa</key>
			<string>PBXFileReference</string>
			<key>lastKnownFileType</key>
			<string>sourcecode.swift</string>
			<key>path</key>
			<string>RequestAuth.swift</string>
			<key>sourceTree</key>
			<string>&lt;group&gt;</string>
		</dict>
		<key>B2B1149AAB3CDC5D66E60537</key>
		<dict>
			<key>isa</key>
			<string>PBXFileReference</string>
			<key>lastKnownFileType</key>
			<string>sourcecode.swift</string>
			<key>path</key>
			<string>RequestBody.swift</string>
			<key>sourceTree</key>
			<string>&lt;group&gt;</string>
		</dict>
		<key>3E666DA28791FF1C4703D750</key>
		<dict>
			<key>isa</key>
			<string>PBXFileReference</string>
			<key>lastKnownFileType</key>
			<string>sourcecode.swift</string>
			<key>path</key>
			<string>RequestItem.swift</string>
			<key>sourceTree</key>
			<string>&lt;group&gt;</string>
		</dict>
		<key>8D6B6F365B1C2C249387978F</key>
		<dict>
			<key>isa</key>
			<string>PBXFileReference</string>
			<key>lastKnownFileType</key>
			<string>sourcecode.swift</string>
			<key>path</key>
			<string>RequestType.swift</string>
			<key>sourceTree</key>
			<string>&lt;group&gt;</string>
		</dict>
		<key>2E7F227A9CBBBF6F54246371</key>
		<dict>
			<key>isa</key>
			<string>PBXGroup</string>
			<key>children</key>
			<array>
				<string>206E63282E786D9E22FA9BDD</string>
				<string>A4A5ABF12C5043B729F6D6A5</string>
				<string>2E0043206B2210BC059614B6</string>
				<string>79ED2B0B74A1422C20512C14</string>
				<string>94EF2E1EBD80AFEE3245401C</string>
				<string>B2B1149AAB3CDC5D66E60537</string>
				<string>3E666DA28791FF1C4703D750</string>
				<string>8D6B6F365B1C2C249387978F</string>
			</array>
			<key>sourceTree</key>
			<string>&lt;group&gt;</string>
			<key>path</key>
			<string>Models</string>
		</dict>
		<key>8FADF11D9FBF0A5AA4C0C10F</key>
		<dict>
			<key>isa</key>
			<string>PBXFileReference</string>
			<key>lastKnownFileType</key>
			<string>sourcecode.swift</string>
			<key>path</key>
			<string>AuthEditor.swift</string>
			<key>sourceTree</key>
			<string>&lt;group&gt;</string>
		</dict>
		<key>457299BE446A46F47DC86C49</key>
		<dict>
			<key>isa</key>
			<string>PBXFileReference</string>
			<key>lastKnownFileType</key>
			<string>sourcecode.swift</string>
			<key>path</key>
			<string>BodyEditor.swift</string>
			<key>sourceTree</key>
			<string>&lt;group&gt;</string>
		</dict>
		<key>14F533F9DC2880721FF47BC3</key>
		<dict>
			<key>isa</key>
			<string>PBXFileReference</string>
			<key>lastKnownFileType</key>
			<string>sourcecode.swift</string>
			<key>path</key>
			<string>CodeSnippetSidebarView.swift</string>
			<key>sourceTree</key>
			<string>&lt;group&gt;</string>
		</dict>
		<key>47C391996EB2857EE89E4D52</key>
		<dict>
			<key>isa</key>
			<string>PBXFileReference</string>
			<key>lastKnownFileType</key>
			<string>sourcecode.swift</string>
			<key>path</key>
			<string>RequestEditorView.swift</string>
			<key>sourceTree</key>
			<string>&lt;group&gt;</string>
		</dict>
		<key>29FED70F648C35A54DEE372C</key>
		<dict>
			<key>isa</key>
			<string>PBXGroup</string>
			<key>children</key>
			<array>
				<string>8FADF11D9FBF0A5AA4C0C10F</string>
				<string>457299BE446A46F47DC86C49</string>
				<string>14F533F9DC2880721FF47BC3</string>
				<string>47C391996EB2857EE89E4D52</string>
			</array>
			<key>sourceTree</key>
			<string>&lt;group&gt;</string>
			<key>path</key>
			<string>Views</string>
		</dict>
		<key>F4BEF6636C67F2A814C0EBBF</key>
		<dict>
			<key>isa</key>
			<string>PBXFileReference</string>
			<key>lastKnownFileType</key>
			<string>sourcecode.swift</string>
			<key>path</key>
			<string>HTTPHeaderField.swift</string>
			<key>sourceTree</key>
			<string>&lt;group&gt;</string>
		</dict>
		<key>CB2E3C53C369E096512DBAFE</key>
		<dict>
			<key>isa</key>
			<string>PBXFileReference</string>
			<key>lastKnownFileType</key>
			<string>sourcecode.swift</string>
			<key>path</key>
			<string>HistoryEntry.swift</string>
			<key>sourceTree</key>
			<string>&lt;group&gt;</string>
		</dict>
		<key>22F523512FAD7E240EDED527</key>
		<dict>
			<key>isa</key>
			<string>PBXFileReference</string>
			<key>lastKnownFileType</key>
			<string>sourcecode.swift</string>
			<key>path</key>
			<string>ResponseModel.swift</string>
			<key>sourceTree</key>
			<string>&lt;group&gt;</string>
		</dict>
		<key>04B2E2A7D394EEDF53A1E9A4</key>
		<dict>
			<key>isa</key>
			<string>PBXGroup</string>
			<key>children</key>
			<array>
				<string>F4BEF6636C67F2A814C0EBBF</string>
				<string>CB2E3C53C369E096512DBAFE</string>
				<string>22F523512FAD7E240EDED527</string>
			</array>
			<key>sourceTree</key>
			<string>&lt;group&gt;</string>
			<key>path</key>
			<string>Models</string>
		</dict>
		<key>6CFF6F847D795AFB6A01B50A</key>
		<dict>
			<key>isa</key>
			<string>PBXFileReference</string>
			<key>lastKnownFileType</key>
			<string>sourcecode.swift</string>
			<key>path</key>
			<string>ResponseViewerView.swift</string>
			<key>sourceTree</key>
			<string>&lt;group&gt;</string>
		</dict>
		<key>69F933A3AE5ACABDC6C04A0E</key>
		<dict>
			<key>isa</key>
			<string>PBXGroup</string>
			<key>children</key>
			<array>
				<string>6CFF6F847D795AFB6A01B50A</string>
			</array>
			<key>sourceTree</key>
			<string>&lt;group&gt;</string>
			<key>path</key>
			<string>Views</string>
		</dict>
		<key>9B66A7326A02AE3745F773F2</key>
		<dict>
			<key>isa</key>
			<string>PBXFileReference</string>
			<key>lastKnownFileType</key>
			<string>sourcecode.swift</string>
			<key>path</key>
			<string>RequestVariableScope.swift</string>
			<key>sourceTree</key>
			<string>&lt;group&gt;</string>
		</dict>
		<key>6D7A350A8BBC9271238D40DD</key>
		<dict>
			<key>isa</key>
			<string>PBXFileReference</string>
			<key>lastKnownFileType</key>
			<string>sourcecode.swift</string>
			<key>path</key>
			<string>Variable.swift</string>
			<key>sourceTree</key>
			<string>&lt;group&gt;</string>
		</dict>
		<key>75C26B269161178565F28163</key>
		<dict>
			<key>isa</key>
			<string>PBXFileReference</string>
			<key>lastKnownFileType</key>
			<string>sourcecode.swift</string>
			<key>path</key>
			<string>VariableResolver.swift</string>
			<key>sourceTree</key>
			<string>&lt;group&gt;</string>
		</dict>
		<key>CF3C9A91331FA873D4423927</key>
		<dict>
			<key>isa</key>
			<string>PBXGroup</string>
			<key>children</key>
			<array>
				<string>9B66A7326A02AE3745F773F2</string>
				<string>6D7A350A8BBC9271238D40DD</string>
				<string>75C26B269161178565F28163</string>
			</array>
			<key>sourceTree</key>
			<string>&lt;group&gt;</string>
			<key>path</key>
			<string>Models</string>
		</dict>
		<key>F3B38589C753B8A9427125C6</key>
		<dict>
			<key>isa</key>
			<string>PBXFileReference</string>
			<key>lastKnownFileType</key>
			<string>sourcecode.swift</string>
			<key>path</key>
			<string>VariablesSidebarView.swift</string>
			<key>sourceTree</key>
			<string>&lt;group&gt;</string>
		</dict>
		<key>CC5CCC9DD00F76DC3DEA5298</key>
		<dict>
			<key>isa</key>
			<string>PBXGroup</string>
			<key>children</key>
			<array>
				<string>F3B38589C753B8A9427125C6</string>
			</array>
			<key>sourceTree</key>
			<string>&lt;group&gt;</string>
			<key>path</key>
			<string>Views</string>
		</dict>
		<key>27437244E1D0DA059AD0A719</key>
		<dict>
			<key>isa</key>
			<string>PBXFileReference</string>
			<key>lastKnownFileType</key>
			<string>sourcecode.swift</string>
			<key>path</key>
			<string>Navigation.swift</string>
			<key>sourceTree</key>
			<string>&lt;group&gt;</string>
		</dict>
		<key>9176F4B608ABE4590C529F53</key>
		<dict>
			<key>isa</key>
			<string>PBXFileReference</string>
			<key>lastKnownFileType</key>
			<string>sourcecode.swift</string>
			<key>path</key>
			<string>Workspace.swift</string>
			<key>sourceTree</key>
			<string>&lt;group&gt;</string>
		</dict>
		<key>47A8ED19BDE3AA5003E1403D</key>
		<dict>
			<key>isa</key>
			<string>PBXGroup</string>
			<key>children</key>
			<array>
				<string>27437244E1D0DA059AD0A719</string>
				<string>9176F4B608ABE4590C529F53</string>
			</array>
			<key>sourceTree</key>
			<string>&lt;group&gt;</string>
			<key>path</key>
			<string>Models</string>
		</dict>
		<key>7D1132BC8F3299E6AD2C60BD</key>
		<dict>
			<key>isa</key>
			<string>PBXFileReference</string>
			<key>lastKnownFileType</key>
			<string>sourcecode.swift</string>
			<key>path</key>
			<string>ContentView.swift</string>
			<key>sourceTree</key>
			<string>&lt;group&gt;</string>
		</dict>
		<key>5549C4C9A41DB6457CE902E8</key>
		<dict>
			<key>isa</key>
			<string>PBXFileReference</string>
			<key>lastKnownFileType</key>
			<string>sourcecode.swift</string>
			<key>path</key>
			<string>NewWorkspaceView.swift</string>
			<key>sourceTree</key>
			<string>&lt;group&gt;</string>
		</dict>
		<key>1D4AF2354F1D78786F80F5A7</key>
		<dict>
			<key>isa</key>
			<string>PBXFileReference</string>
			<key>lastKnownFileType</key>
			<string>sourcecode.swift</string>
			<key>path</key>
			<string>SidebarView.swift</string>
			<key>sourceTree</key>
			<string>&lt;group&gt;</string>
		</dict>
		<key>84E50BB44643684A869F2ADF</key>
		<dict>
			<key>isa</key>
			<string>PBXFileReference</string>
			<key>lastKnownFileType</key>
			<string>sourcecode.swift</string>
			<key>path</key>
			<string>StatusBarView.swift</string>
			<key>sourceTree</key>
			<string>&lt;group&gt;</string>
		</dict>
		<key>A70845FB304B8F0A20ACCD04</key>
		<dict>
			<key>isa</key>
			<string>PBXFileReference</string>
			<key>lastKnownFileType</key>
			<string>sourcecode.swift</string>
			<key>path</key>
			<string>TabBarView.swift</string>
			<key>sourceTree</key>
			<string>&lt;group&gt;</string>
		</dict>
		<key>7BA2827FFD5B71A006EDD60F</key>
		<dict>
			<key>isa</key>
			<string>PBXFileReference</string>
			<key>lastKnownFileType</key>
			<string>sourcecode.swift</string>
			<key>path</key>
			<string>TopBarView.swift</string>
			<key>sourceTree</key>
			<string>&lt;group&gt;</string>
		</dict>
		<key>A436134153001817C6EC42FC</key>
		<dict>
			<key>isa</key>
			<string>PBXFileReference</string>
			<key>lastKnownFileType</key>
			<string>sourcecode.swift</string>
			<key>path</key>
			<string>WelcomeView.swift</string>
			<key>sourceTree</key>
			<string>&lt;group&gt;</string>
		</dict>
		<key>273D4B57E898D204ED97E9E8</key>
		<dict>
			<key>isa</key>
			<string>PBXFileReference</string>
			<key>lastKnownFileType</key>
			<string>sourcecode.swift</string>
			<key>path</key>
			<string>WorkspaceDetailView.swift</string>
			<key>sourceTree</key>
			<string>&lt;group&gt;</string>
		</dict>
		<key>630C5B0850780499C0CC9B56</key>
		<dict>
			<key>isa</key>
			<string>PBXGroup</string>
			<key>children</key>
			<array>
				<string>7D1132BC8F3299E6AD2C60BD</string>
				<string>5549C4C9A41DB6457CE902E8</string>
				<string>1D4AF2354F1D78786F80F5A7</string>
				<string>84E50BB44643684A869F2ADF</string>
				<string>A70845FB304B8F0A20ACCD04</string>
				<string>7BA2827FFD5B71A006EDD60F</string>
				<string>A436134153001817C6EC42FC</string>
				<string>273D4B57E898D204ED97E9E8</string>
			</array>
			<key>sourceTree</key>
			<string>&lt;group&gt;</string>
			<key>path</key>
			<string>Views</string>
		</dict>
		<key>6BB5E974A027D3604BA3EECD</key>
		<dict>
			<key>isa</key>
			<string>PBXBuildFile</string>
			<key>fileRef</key>
			<string>6DE890FBB28F858FB1B09379</string>
		</dict>
		<key>C09F6D117F370F10E8291BE5</key>
		<dict>
			<key>isa</key>
			<string>PBXBuildFile</string>
			<key>fileRef</key>
			<string>1232A794FBF7BE9E017CD850</string>
		</dict>
		<key>586949E699B5E1209FF5BDB7</key>
		<dict>
			<key>isa</key>
			<string>PBXBuildFile</string>
			<key>fileRef</key>
			<string>EC31A07460A5811F51326D6E</string>
		</dict>
		<key>ACD2D576759531F2D1D563BE</key>
		<dict>
			<key>isa</key>
			<string>PBXBuildFile</string>
			<key>fileRef</key>
			<string>06D810E57FA373A1064C9127</string>
		</dict>
		<key>B4E2A3B8E270E9940881F55F</key>
		<dict>
			<key>isa</key>
			<string>PBXBuildFile</string>
			<key>fileRef</key>
			<string>BEE9B35ED017F41C7177505D</string>
		</dict>
		<key>6869C6F1C6CF2BCD610E7ECF</key>
		<dict>
			<key>isa</key>
			<string>PBXBuildFile</string>
			<key>fileRef</key>
			<string>D544A6AD96EA82868F73DA77</string>
		</dict>
		<key>ACA88995122962F3252F2102</key>
		<dict>
			<key>isa</key>
			<string>PBXBuildFile</string>
			<key>fileRef</key>
			<string>C7C7C4D8D12B2FBFBBCD7F7A</string>
		</dict>
		<key>5303BE232F2C7F4F409D26DA</key>
		<dict>
			<key>isa</key>
			<string>PBXBuildFile</string>
			<key>fileRef</key>
			<string>B91B503E037275772DD2A6A1</string>
		</dict>
		<key>AE198CB799B8745AC4094882</key>
		<dict>
			<key>isa</key>
			<string>PBXBuildFile</string>
			<key>fileRef</key>
			<string>433DB61F7EF76D1BB0FA6FF5</string>
		</dict>
		<key>EA91334643A831720A0C92E4</key>
		<dict>
			<key>isa</key>
			<string>PBXBuildFile</string>
			<key>fileRef</key>
			<string>DCFE401E39B16C0E3F575E96</string>
		</dict>
		<key>BF175C0C4076E5F0BF92CB6E</key>
		<dict>
			<key>isa</key>
			<string>PBXBuildFile</string>
			<key>fileRef</key>
			<string>463C03345AEB1A2F4D009D5C</string>
		</dict>
		<key>6C4622A04BCC264C3D3E278E</key>
		<dict>
			<key>isa</key>
			<string>PBXBuildFile</string>
			<key>fileRef</key>
			<string>29D0F9950EE7A654D999EDDB</string>
		</dict>
		<key>43BB6BDD8D3B278A52E636A6</key>
		<dict>
			<key>isa</key>
			<string>PBXBuildFile</string>
			<key>fileRef</key>
			<string>8770709A5599F706B1DFFB07</string>
		</dict>
		<key>BA94F779B6241AF0EE92F8B1</key>
		<dict>
			<key>isa</key>
			<string>PBXBuildFile</string>
			<key>fileRef</key>
			<string>7C22B87C37576868FB2DB7E3</string>
		</dict>
		<key>63975F865FB84EB13E8AB66D</key>
		<dict>
			<key>isa</key>
			<string>PBXBuildFile</string>
			<key>fileRef</key>
			<string>88A9C21F9C38ADAAA61E4F1C</string>
		</dict>
		<key>93244121A13F7AE0281016E7</key>
		<dict>
			<key>isa</key>
			<string>PBXBuildFile</string>
			<key>fileRef</key>
			<string>EBB11063F5D37FF3F33DE52D</string>
		</dict>
		<key>472E57AD11EDA8197ADCD7E5</key>
		<dict>
			<key>isa</key>
			<string>PBXBuildFile</string>
			<key>fileRef</key>
			<string>AC64FA0CE9C3B946CA8E78B4</string>
		</dict>
		<key>F1BDCFDFDAA772F69D6EC2DE</key>
		<dict>
			<key>isa</key>
			<string>PBXBuildFile</string>
			<key>fileRef</key>
			<string>206E63282E786D9E22FA9BDD</string>
		</dict>
		<key>F8DCA2A85AB92C26CA1D4B16</key>
		<dict>
			<key>isa</key>
			<string>PBXBuildFile</string>
			<key>fileRef</key>
			<string>A4A5ABF12C5043B729F6D6A5</string>
		</dict>
		<key>CBDEA718EADA8A9CA7A50165</key>
		<dict>
			<key>isa</key>
			<string>PBXBuildFile</string>
			<key>fileRef</key>
			<string>2E0043206B2210BC059614B6</string>
		</dict>
		<key>E9E45E500FB052C5BF8C0C42</key>
		<dict>
			<key>isa</key>
			<string>PBXBuildFile</string>
			<key>fileRef</key>
			<string>79ED2B0B74A1422C20512C14</string>
		</dict>
		<key>33F2802CFCCE250522BA812E</key>
		<dict>
			<key>isa</key>
			<string>PBXBuildFile</string>
			<key>fileRef</key>
			<string>94EF2E1EBD80AFEE3245401C</string>
		</dict>
		<key>B495A87A341D14595F53ECA9</key>
		<dict>
			<key>isa</key>
			<string>PBXBuildFile</string>
			<key>fileRef</key>
			<string>B2B1149AAB3CDC5D66E60537</string>
		</dict>
		<key>C26172870E7479033CAC362F</key>
		<dict>
			<key>isa</key>
			<string>PBXBuildFile</string>
			<key>fileRef</key>
			<string>3E666DA28791FF1C4703D750</string>
		</dict>
		<key>D2FCFBB00B0987619D0C4685</key>
		<dict>
			<key>isa</key>
			<string>PBXBuildFile</string>
			<key>fileRef</key>
			<string>8D6B6F365B1C2C249387978F</string>
		</dict>
		<key>8187816CB1DE87FFA5499766</key>
		<dict>
			<key>isa</key>
			<string>PBXBuildFile</string>
			<key>fileRef</key>
			<string>8FADF11D9FBF0A5AA4C0C10F</string>
		</dict>
		<key>6C0B6BE9ED2286210FC2CAFE</key>
		<dict>
			<key>isa</key>
			<string>PBXBuildFile</string>
			<key>fileRef</key>
			<string>457299BE446A46F47DC86C49</string>
		</dict>
		<key>727FB80E60222C9E501A72AD</key>
		<dict>
			<key>isa</key>
			<string>PBXBuildFile</string>
			<key>fileRef</key>
			<string>14F533F9DC2880721FF47BC3</string>
		</dict>
		<key>B9886A800AFB40973E7B9944</key>
		<dict>
			<key>isa</key>
			<string>PBXBuildFile</string>
			<key>fileRef</key>
			<string>47C391996EB2857EE89E4D52</string>
		</dict>
		<key>2F263087B537F652A571A722</key>
		<dict>
			<key>isa</key>
			<string>PBXBuildFile</string>
			<key>fileRef</key>
			<string>F4BEF6636C67F2A814C0EBBF</string>
		</dict>
		<key>FABE62C91458B807024EAB7C</key>
		<dict>
			<key>isa</key>
			<string>PBXBuildFile</string>
			<key>fileRef</key>
			<string>CB2E3C53C369E096512DBAFE</string>
		</dict>
		<key>452DBCF33422DC441319AA8C</key>
		<dict>
			<key>isa</key>
			<string>PBXBuildFile</string>
			<key>fileRef</key>
			<string>22F523512FAD7E240EDED527</string>
		</dict>
		<key>5F019EDE10AA7F74D6087E81</key>
		<dict>
			<key>isa</key>
			<string>PBXBuildFile</string>
			<key>fileRef</key>
			<string>6CFF6F847D795AFB6A01B50A</string>
		</dict>
		<key>27E20BFB927C6348F54E75A0</key>
		<dict>
			<key>isa</key>
			<string>PBXBuildFile</string>
			<key>fileRef</key>
			<string>FE9C6E5CB4ED62A73788BAFE</string>
		</dict>
		<key>C4D2E93AFB40E91A859EA6A2</key>
		<dict>
			<key>isa</key>
			<string>PBXBuildFile</string>
			<key>fileRef</key>
			<string>5041A6E05B95FCC41FF5AD5C</string>
		</dict>
		<key>9C666B8127929C46BF1FC273</key>
		<dict>
			<key>isa</key>
			<string>PBXBuildFile</string>
			<key>fileRef</key>
			<string>6480FF2FD7F14694067E8D70</string>
		</dict>
		<key>2B4A4669894D2A4D844A496C</key>
		<dict>
			<key>isa</key>
			<string>PBXBuildFile</string>
			<key>fileRef</key>
			<string>DD27AA0B5E1C896A6617D701</string>
		</dict>
		<key>C2A50D342B0DE4950D2EE3D6</key>
		<dict>
			<key>isa</key>
			<string>PBXBuildFile</string>
			<key>fileRef</key>
			<string>64FD0C7C8F58B10195C7071D</string>
		</dict>
		<key>954840E97B9F249E3C811E63</key>
		<dict>
			<key>isa</key>
			<string>PBXBuildFile</string>
			<key>fileRef</key>
			<string>FDD7B949E5E900076BB79121</string>
		</dict>
		<key>D689C997D70D42A3C46859C7</key>
		<dict>
			<key>isa</key>
			<string>PBXBuildFile</string>
			<key>fileRef</key>
			<string>CC5965BB252021BC4DE68025</string>
		</dict>
		<key>5473D14C813B1292F410B5DD</key>
		<dict>
			<key>isa</key>
			<string>PBXBuildFile</string>
			<key>fileRef</key>
			<string>45952E90724692DB69A0F2B2</string>
		</dict>
		<key>AB81AEB3E65D2FB732696153</key>
		<dict>
			<key>isa</key>
			<string>PBXBuildFile</string>
			<key>fileRef</key>
			<string>9B66A7326A02AE3745F773F2</string>
		</dict>
		<key>EAA6535D2D87C6F2DC883BA7</key>
		<dict>
			<key>isa</key>
			<string>PBXBuildFile</string>
			<key>fileRef</key>
			<string>6D7A350A8BBC9271238D40DD</string>
		</dict>
		<key>4CB87040A6EF11C11DC338BA</key>
		<dict>
			<key>isa</key>
			<string>PBXBuildFile</string>
			<key>fileRef</key>
			<string>75C26B269161178565F28163</string>
		</dict>
		<key>24C3CDFB754F796FF538600B</key>
		<dict>
			<key>isa</key>
			<string>PBXBuildFile</string>
			<key>fileRef</key>
			<string>F3B38589C753B8A9427125C6</string>
		</dict>
		<key>E0548EA4809C24D9CE35DD9A</key>
		<dict>
			<key>isa</key>
			<string>PBXBuildFile</string>
			<key>fileRef</key>
			<string>27437244E1D0DA059AD0A719</string>
		</dict>
		<key>D6AFF4D9B954BD6ACCE452DD</key>
		<dict>
			<key>isa</key>
			<string>PBXBuildFile</string>
			<key>fileRef</key>
			<string>9176F4B608ABE4590C529F53</string>
		</dict>
		<key>BAF121895BDDD5FB778CF571</key>
		<dict>
			<key>isa</key>
			<string>PBXBuildFile</string>
			<key>fileRef</key>
			<string>7D1132BC8F3299E6AD2C60BD</string>
		</dict>
		<key>E3F52EBBA7E08FB8F8F0355E</key>
		<dict>
			<key>isa</key>
			<string>PBXBuildFile</string>
			<key>fileRef</key>
			<string>5549C4C9A41DB6457CE902E8</string>
		</dict>
		<key>5D5768DB53C63DD55E424B83</key>
		<dict>
			<key>isa</key>
			<string>PBXBuildFile</string>
			<key>fileRef</key>
			<string>1D4AF2354F1D78786F80F5A7</string>
		</dict>
		<key>E56E5467006775C0E12DCF94</key>
		<dict>
			<key>isa</key>
			<string>PBXBuildFile</string>
			<key>fileRef</key>
			<string>84E50BB44643684A869F2ADF</string>
		</dict>
		<key>CD426D280E3FDFE25B1A25E4</key>
		<dict>
			<key>isa</key>
			<string>PBXBuildFile</string>
			<key>fileRef</key>
			<string>A70845FB304B8F0A20ACCD04</string>
		</dict>
		<key>968587FFD15696AFB7A5067C</key>
		<dict>
			<key>isa</key>
			<string>PBXBuildFile</string>
			<key>fileRef</key>
			<string>7BA2827FFD5B71A006EDD60F</string>
		</dict>
		<key>630D056DDA121170B96201E1</key>
		<dict>
			<key>isa</key>
			<string>PBXBuildFile</string>
			<key>fileRef</key>
			<string>A436134153001817C6EC42FC</string>
		</dict>
		<key>4469B292F3F7689870E0F6EE</key>
		<dict>
			<key>isa</key>
			<string>PBXBuildFile</string>
			<key>fileRef</key>
			<string>273D4B57E898D204ED97E9E8</string>
		</dict>
		<key>9B98052B6512A45E5528204E</key>
		<dict>
			<key>isa</key>
			<string>PBXFileReference</string>
			<key>lastKnownFileType</key>
			<string>folder.assetcatalog</string>
			<key>path</key>
			<string>Assets.xcassets</string>
			<key>sourceTree</key>
			<string>&lt;group&gt;</string>
		</dict>
		<key>699470688C645E35DD1A61EA</key>
		<dict>
			<key>isa</key>
			<string>PBXBuildFile</string>
			<key>fileRef</key>
			<string>9B98052B6512A45E5528204E</string>
		</dict>
		<key>869AB0784AA493E4F37F03A3</key>
		<dict>
			<key>isa</key>
			<string>XCRemoteSwiftPackageReference</string>
			<key>repositoryURL</key>
			<string>https://github.com/tree-sitter/swift-tree-sitter</string>
			<key>requirement</key>
			<dict>
				<key>kind</key>
				<string>upToNextMajorVersion</string>
				<key>minimumVersion</key>
				<string>0.25.0</string>
			</dict>
		</dict>
		<key>74E72CF42B8634395F0FDCC3</key>
		<dict>
			<key>isa</key>
			<string>XCSwiftPackageProductDependency</string>
			<key>package</key>
			<string>869AB0784AA493E4F37F03A3</string>
			<key>productName</key>
			<string>SwiftTreeSitter</string>
		</dict>
		<key>30957945FDFCD55B2FC34445</key>
		<dict>
			<key>isa</key>
			<string>PBXBuildFile</string>
			<key>productRef</key>
			<string>74E72CF42B8634395F0FDCC3</string>
		</dict>
		<key>BE1F2D6A76591C58F007DDBF</key>
		<dict>
			<key>isa</key>
			<string>XCRemoteSwiftPackageReference</string>
			<key>repositoryURL</key>
			<string>https://github.com/tree-sitter/tree-sitter-json</string>
			<key>requirement</key>
			<dict>
				<key>kind</key>
				<string>upToNextMajorVersion</string>
				<key>minimumVersion</key>
				<string>0.24.8</string>
			</dict>
		</dict>
		<key>FF15BF062530894B0C95CAFD</key>
		<dict>
			<key>isa</key>
			<string>XCSwiftPackageProductDependency</string>
			<key>package</key>
			<string>BE1F2D6A76591C58F007DDBF</string>
			<key>productName</key>
			<string>TreeSitterJSON</string>
		</dict>
		<key>1EA71611D075CC5970B3CD82</key>
		<dict>
			<key>isa</key>
			<string>PBXBuildFile</string>
			<key>productRef</key>
			<string>FF15BF062530894B0C95CAFD</string>
		</dict>
		<key>7266E2F86B0B73E70D721086</key>
		<dict>
			<key>isa</key>
			<string>PBXSourcesBuildPhase</string>
			<key>buildActionMask</key>
			<string>2147483647</string>
			<key>files</key>
			<array>
				<string>6BB5E974A027D3604BA3EECD</string>
				<string>C09F6D117F370F10E8291BE5</string>
				<string>586949E699B5E1209FF5BDB7</string>
				<string>ACD2D576759531F2D1D563BE</string>
				<string>B4E2A3B8E270E9940881F55F</string>
				<string>6869C6F1C6CF2BCD610E7ECF</string>
				<string>ACA88995122962F3252F2102</string>
				<string>5303BE232F2C7F4F409D26DA</string>
				<string>AE198CB799B8745AC4094882</string>
				<string>EA91334643A831720A0C92E4</string>
				<string>BF175C0C4076E5F0BF92CB6E</string>
				<string>6C4622A04BCC264C3D3E278E</string>
				<string>43BB6BDD8D3B278A52E636A6</string>
				<string>BA94F779B6241AF0EE92F8B1</string>
				<string>63975F865FB84EB13E8AB66D</string>
				<string>93244121A13F7AE0281016E7</string>
				<string>472E57AD11EDA8197ADCD7E5</string>
				<string>F1BDCFDFDAA772F69D6EC2DE</string>
				<string>F8DCA2A85AB92C26CA1D4B16</string>
				<string>CBDEA718EADA8A9CA7A50165</string>
				<string>E9E45E500FB052C5BF8C0C42</string>
				<string>33F2802CFCCE250522BA812E</string>
				<string>B495A87A341D14595F53ECA9</string>
				<string>C26172870E7479033CAC362F</string>
				<string>D2FCFBB00B0987619D0C4685</string>
				<string>8187816CB1DE87FFA5499766</string>
				<string>6C0B6BE9ED2286210FC2CAFE</string>
				<string>727FB80E60222C9E501A72AD</string>
				<string>B9886A800AFB40973E7B9944</string>
				<string>2F263087B537F652A571A722</string>
				<string>FABE62C91458B807024EAB7C</string>
				<string>452DBCF33422DC441319AA8C</string>
				<string>5F019EDE10AA7F74D6087E81</string>
				<string>27E20BFB927C6348F54E75A0</string>
				<string>C4D2E93AFB40E91A859EA6A2</string>
				<string>9C666B8127929C46BF1FC273</string>
				<string>2B4A4669894D2A4D844A496C</string>
				<string>441A6C97166625F1A62DD556</string>
				<string>1F8AC31336123D7B6B6F3793</string>
				<string>DE3BDB28FBB02DC1D374E858</string>
				<string>88C8874CEB553C635FC615E1</string>
				<string>0A5D7E21F15B7AF03E8DC169</string>
				<string>6D9D1EDD9BB7BCEA1746509F</string>
				<string>716EB593D3C5F3F6A0E98B7B</string>
				<string>C14EDB0FA3AB53F6168F5D42</string>
				<string>C2A50D342B0DE4950D2EE3D6</string>
				<string>954840E97B9F249E3C811E63</string>
				<string>D689C997D70D42A3C46859C7</string>
				<string>5473D14C813B1292F410B5DD</string>
				<string>AB81AEB3E65D2FB732696153</string>
				<string>EAA6535D2D87C6F2DC883BA7</string>
				<string>4CB87040A6EF11C11DC338BA</string>
				<string>24C3CDFB754F796FF538600B</string>
				<string>E0548EA4809C24D9CE35DD9A</string>
				<string>D6AFF4D9B954BD6ACCE452DD</string>
				<string>BAF121895BDDD5FB778CF571</string>
				<string>E3F52EBBA7E08FB8F8F0355E</string>
				<string>5D5768DB53C63DD55E424B83</string>
				<string>E56E5467006775C0E12DCF94</string>
				<string>CD426D280E3FDFE25B1A25E4</string>
				<string>968587FFD15696AFB7A5067C</string>
				<string>630D056DDA121170B96201E1</string>
				<string>4469B292F3F7689870E0F6EE</string>
			</array>
			<key>runOnlyForDeploymentPostprocessing</key>
			<string>0</string>
		</dict>
		<key>D77F238449FA6F85FB686D25</key>
		<dict>
			<key>isa</key>
			<string>PBXFrameworksBuildPhase</string>
			<key>buildActionMask</key>
			<string>2147483647</string>
			<key>files</key>
			<array>
				<string>30957945FDFCD55B2FC34445</string>
				<string>1EA71611D075CC5970B3CD82</string>
			</array>
			<key>runOnlyForDeploymentPostprocessing</key>
			<string>0</string>
		</dict>
		<key>0EC89305B2573410CD8066D1</key>
		<dict>
			<key>isa</key>
			<string>PBXResourcesBuildPhase</string>
			<key>buildActionMask</key>
			<string>2147483647</string>
			<key>files</key>
			<array>
				<string>699470688C645E35DD1A61EA</string>
			</array>
			<key>runOnlyForDeploymentPostprocessing</key>
			<string>0</string>
		</dict>
		<key>662302FADABA0FC9249D80BB</key>
		<dict>
			<key>isa</key>
			<string>PBXFileReference</string>
			<key>explicitFileType</key>
			<string>wrapper.application</string>
			<key>includeInIndex</key>
			<string>0</string>
			<key>path</key>
			<string>Canoe.app</string>
			<key>sourceTree</key>
			<string>BUILT_PRODUCTS_DIR</string>
		</dict>
		<key>DB1220D8A260A6C1FF20221A</key>
		<dict>
			<key>isa</key>
			<string>PBXGroup</string>
			<key>children</key>
			<array>
				<string>662302FADABA0FC9249D80BB</string>
			</array>
			<key>name</key>
			<string>Products</string>
			<key>sourceTree</key>
			<string>&lt;group&gt;</string>
		</dict>
		<key>73AB6D520ABDB14FD9A5B9CD</key>
		<dict>
			<key>isa</key>
			<string>PBXGroup</string>
			<key>children</key>
			<array>
				<string>D3022367E3F16883080B2FC4</string>
				<string>DB1220D8A260A6C1FF20221A</string>
				<string>9B98052B6512A45E5528204E</string>
			</array>
			<key>sourceTree</key>
			<string>&lt;group&gt;</string>
		</dict>
		<key>99D388038F4BFC8B54D558C5</key>
		<dict>
			<key>isa</key>
			<string>XCBuildConfiguration</string>
			<key>name</key>
			<string>Debug</string>
			<key>buildSettings</key>
			<dict>
				<key>ALWAYS_SEARCH_USER_PATHS</key>
				<string>NO</string>
				<key>CLANG_ANALYZER_NONNULL</key>
				<string>YES</string>
				<key>CLANG_ANALYZER_NUMBER_OBJECT_CONVERSION</key>
				<string>YES_AGGRESSIVE</string>
				<key>CLANG_CXX_LANGUAGE_STANDARD</key>
				<string>gnu++20</string>
				<key>CLANG_CXX_LIBRARY</key>
				<string>libc++</string>
				<key>CLANG_ENABLE_MODULES</key>
				<string>YES</string>
				<key>CLANG_ENABLE_OBJC_ARC</key>
				<string>YES</string>
				<key>CLANG_ENABLE_OBJC_WEAK</key>
				<string>YES</string>
				<key>CLANG_WARN_BLOCK_CAPTURE_AUTORELEASING</key>
				<string>YES</string>
				<key>CLANG_WARN_BOOL_CONVERSION</key>
				<string>YES</string>
				<key>CLANG_WARN_COMMA</key>
				<string>YES</string>
				<key>CLANG_WARN_CONSTANT_CONVERSION</key>
				<string>YES</string>
				<key>CLANG_WARN_DEPRECATED_OBJC_IMPLEMENTATIONS</key>
				<string>YES</string>
				<key>CLANG_WARN_DIRECT_OBJC_ISA_USAGE</key>
				<string>YES_ERROR</string>
				<key>CLANG_WARN_DOCUMENTATION_COMMENTS</key>
				<string>YES</string>
				<key>CLANG_WARN_EMPTY_BODY</key>
				<string>YES</string>
				<key>CLANG_WARN_ENUM_CONVERSION</key>
				<string>YES</string>
				<key>CLANG_WARN_INFINITE_RECURSION</key>
				<string>YES</string>
				<key>CLANG_WARN_INT_CONVERSION</key>
				<string>YES</string>
				<key>CLANG_WARN_NON_LITERAL_NULL_CONVERSION</key>
				<string>YES</string>
				<key>CLANG_WARN_OBJC_IMPLICIT_RETAIN_SELF</key>
				<string>YES</string>
				<key>CLANG_WARN_OBJC_LITERAL_CONVERSION</key>
				<string>YES</string>
				<key>CLANG_WARN_OBJC_ROOT_CLASS</key>
				<string>YES_ERROR</string>
				<key>CLANG_WARN_QUOTED_INCLUDE_IN_FRAMEWORK_HEADER</key>
				<string>YES</string>
				<key>CLANG_WARN_RANGE_LOOP_ANALYSIS</key>
				<string>YES</string>
				<key>CLANG_WARN_STRICT_PROTOTYPES</key>
				<string>YES</string>
				<key>CLANG_WARN_SUSPICIOUS_MOVE</key>
				<string>YES</string>
				<key>CLANG_WARN_UNGUARDED_AVAILABILITY</key>
				<string>YES_AGGRESSIVE</string>
				<key>CLANG_WARN_UNREACHABLE_CODE</key>
				<string>YES</string>
				<key>CLANG_WARN__DUPLICATE_METHOD_MATCH</key>
				<string>YES</string>
				<key>COPY_PHASE_STRIP</key>
				<string>NO</string>
				<key>DEBUG_INFORMATION_FORMAT</key>
				<string>dwarf</string>
				<key>ENABLE_STRICT_OBJC_MSGSEND</key>
				<string>YES</string>
				<key>ENABLE_TESTABILITY</key>
				<string>YES</string>
				<key>EXCLUDED_ARCHS</key>
				<string>x86_64</string>
				<key>GCC_C_LANGUAGE_STANDARD</key>
				<string>gnu17</string>
				<key>GCC_DYNAMIC_NO_PIC</key>
				<string>NO</string>
				<key>GCC_NO_COMMON_BLOCKS</key>
				<string>YES</string>
				<key>GCC_OPTIMIZATION_LEVEL</key>
				<string>0</string>
				<key>GCC_PREPROCESSOR_DEFINITIONS</key>
				<array>
					<string>$(inherited)</string>
					<string>DEBUG=1</string>
				</array>
				<key>GCC_WARN_64_TO_32_BIT_CONVERSION</key>
				<string>YES</string>
				<key>GCC_WARN_ABOUT_RETURN_TYPE</key>
				<string>YES_ERROR</string>
				<key>GCC_WARN_UNDECLARED_SELECTOR</key>
				<string>YES</string>
				<key>GCC_WARN_UNINITIALIZED_AUTOS</key>
				<string>YES_AGGRESSIVE</string>
				<key>GCC_WARN_UNUSED_FUNCTION</key>
				<string>YES</string>
				<key>GCC_WARN_UNUSED_VARIABLE</key>
				<string>YES</string>
				<key>MACOSX_DEPLOYMENT_TARGET</key>
				<string>26.0</string>
				<key>MTL_ENABLE_DEBUG_INFO</key>
				<string>INCLUDE_SOURCE</string>
				<key>MTL_FAST_MATH</key>
				<string>YES</string>
				<key>ONLY_ACTIVE_ARCH</key>
				<string>YES</string>
				<key>PRODUCT_BUNDLE_IDENTIFIER</key>
				<string>app.canoe</string>
				<key>PRODUCT_NAME</key>
				<string>$(TARGET_NAME)</string>
				<key>SDKROOT</key>
				<string>macosx</string>
				<key>SWIFT_ACTIVE_COMPILATION_CONDITIONS</key>
				<string>DEBUG</string>
				<key>SWIFT_OPTIMIZATION_LEVEL</key>
				<string>-Onone</string>
				<key>SWIFT_VERSION</key>
				<string>6.3</string>
			</dict>
		</dict>
		<key>FD546C52CE35045F3D88E303</key>
		<dict>
			<key>isa</key>
			<string>XCBuildConfiguration</string>
			<key>name</key>
			<string>Release</string>
			<key>buildSettings</key>
			<dict>
				<key>ALWAYS_SEARCH_USER_PATHS</key>
				<string>NO</string>
				<key>CLANG_ANALYZER_NONNULL</key>
				<string>YES</string>
				<key>CLANG_ANALYZER_NUMBER_OBJECT_CONVERSION</key>
				<string>YES_AGGRESSIVE</string>
				<key>CLANG_CXX_LANGUAGE_STANDARD</key>
				<string>gnu++20</string>
				<key>CLANG_CXX_LIBRARY</key>
				<string>libc++</string>
				<key>CLANG_ENABLE_MODULES</key>
				<string>YES</string>
				<key>CLANG_ENABLE_OBJC_ARC</key>
				<string>YES</string>
				<key>CLANG_ENABLE_OBJC_WEAK</key>
				<string>YES</string>
				<key>CLANG_WARN_BLOCK_CAPTURE_AUTORELEASING</key>
				<string>YES</string>
				<key>CLANG_WARN_BOOL_CONVERSION</key>
				<string>YES</string>
				<key>CLANG_WARN_COMMA</key>
				<string>YES</string>
				<key>CLANG_WARN_CONSTANT_CONVERSION</key>
				<string>YES</string>
				<key>CLANG_WARN_DEPRECATED_OBJC_IMPLEMENTATIONS</key>
				<string>YES</string>
				<key>CLANG_WARN_DIRECT_OBJC_ISA_USAGE</key>
				<string>YES_ERROR</string>
				<key>CLANG_WARN_DOCUMENTATION_COMMENTS</key>
				<string>YES</string>
				<key>CLANG_WARN_EMPTY_BODY</key>
				<string>YES</string>
				<key>CLANG_WARN_ENUM_CONVERSION</key>
				<string>YES</string>
				<key>CLANG_WARN_INFINITE_RECURSION</key>
				<string>YES</string>
				<key>CLANG_WARN_INT_CONVERSION</key>
				<string>YES</string>
				<key>CLANG_WARN_NON_LITERAL_NULL_CONVERSION</key>
				<string>YES</string>
				<key>CLANG_WARN_OBJC_IMPLICIT_RETAIN_SELF</key>
				<string>YES</string>
				<key>CLANG_WARN_OBJC_LITERAL_CONVERSION</key>
				<string>YES</string>
				<key>CLANG_WARN_OBJC_ROOT_CLASS</key>
				<string>YES_ERROR</string>
				<key>CLANG_WARN_QUOTED_INCLUDE_IN_FRAMEWORK_HEADER</key>
				<string>YES</string>
				<key>CLANG_WARN_RANGE_LOOP_ANALYSIS</key>
				<string>YES</string>
				<key>CLANG_WARN_STRICT_PROTOTYPES</key>
				<string>YES</string>
				<key>CLANG_WARN_SUSPICIOUS_MOVE</key>
				<string>YES</string>
				<key>CLANG_WARN_UNGUARDED_AVAILABILITY</key>
				<string>YES_AGGRESSIVE</string>
				<key>CLANG_WARN_UNREACHABLE_CODE</key>
				<string>YES</string>
				<key>CLANG_WARN__DUPLICATE_METHOD_MATCH</key>
				<string>YES</string>
				<key>COPY_PHASE_STRIP</key>
				<string>NO</string>
				<key>ENABLE_STRICT_OBJC_MSGSEND</key>
				<string>YES</string>
				<key>EXCLUDED_ARCHS</key>
				<string>x86_64</string>
				<key>GCC_C_LANGUAGE_STANDARD</key>
				<string>gnu17</string>
				<key>GCC_NO_COMMON_BLOCKS</key>
				<string>YES</string>
				<key>GCC_WARN_64_TO_32_BIT_CONVERSION</key>
				<string>YES</string>
				<key>GCC_WARN_ABOUT_RETURN_TYPE</key>
				<string>YES_ERROR</string>
				<key>GCC_WARN_UNDECLARED_SELECTOR</key>
				<string>YES</string>
				<key>GCC_WARN_UNINITIALIZED_AUTOS</key>
				<string>YES_AGGRESSIVE</string>
				<key>GCC_WARN_UNUSED_FUNCTION</key>
				<string>YES</string>
				<key>GCC_WARN_UNUSED_VARIABLE</key>
				<string>YES</string>
				<key>MACOSX_DEPLOYMENT_TARGET</key>
				<string>26.0</string>
				<key>MTL_FAST_MATH</key>
				<string>YES</string>
				<key>PRODUCT_BUNDLE_IDENTIFIER</key>
				<string>app.canoe</string>
				<key>PRODUCT_NAME</key>
				<string>$(TARGET_NAME)</string>
				<key>SDKROOT</key>
				<string>macosx</string>
				<key>SWIFT_VERSION</key>
				<string>6.3</string>
				<key>DEBUG_INFORMATION_FORMAT</key>
				<string>dwarf-with-dsym</string>
				<key>ENABLE_TESTABILITY</key>
				<string>NO</string>
				<key>GCC_DYNAMIC_NO_PIC</key>
				<string>YES</string>
				<key>GCC_OPTIMIZATION_LEVEL</key>
				<string>s</string>
				<key>MTL_ENABLE_DEBUG_INFO</key>
				<string>NO</string>
				<key>SWIFT_COMPILATION_MODE</key>
				<string>wholemodule</string>
				<key>SWIFT_OPTIMIZATION_LEVEL</key>
				<string>-O</string>
			</dict>
		</dict>
		<key>9BBD7A742431E16B5A65D70D</key>
		<dict>
			<key>isa</key>
			<string>XCConfigurationList</string>
			<key>buildConfigurations</key>
			<array>
				<string>99D388038F4BFC8B54D558C5</string>
				<string>FD546C52CE35045F3D88E303</string>
			</array>
			<key>defaultConfigurationIsVisible</key>
			<string>0</string>
			<key>defaultConfigurationName</key>
			<string>Debug</string>
		</dict>
		<key>2128AA0480C6766107F0D097</key>
		<dict>
			<key>isa</key>
			<string>XCBuildConfiguration</string>
			<key>name</key>
			<string>Debug</string>
			<key>buildSettings</key>
			<dict>
				<key>ASSETCATALOG_COMPILER_APPICON_NAME</key>
				<string>Canoe</string>
				<key>ASSETCATALOG_COMPILER_INCLUDE_ALL_APPICON_ASSETS</key>
				<string>YES</string>
				<key>COMBINE_HIDPI_IMAGES</key>
				<string>YES</string>
				<key>INFOPLIST_FILE</key>
				<string>Resources/Canoe-Info.plist</string>
				<key>LD_RUNPATH_SEARCH_PATHS</key>
				<array>
					<string>$(inherited)</string>
					<string>@executable_path/../Frameworks</string>
				</array>
				<key>PRODUCT_NAME</key>
				<string>$(TARGET_NAME)</string>
				<key>SDKROOT</key>
				<string>macosx</string>
			</dict>
		</dict>
		<key>F41EBBA47A68DF6724DC7BB7</key>
		<dict>
			<key>isa</key>
			<string>XCBuildConfiguration</string>
			<key>name</key>
			<string>Release</string>
			<key>buildSettings</key>
			<dict>
				<key>ASSETCATALOG_COMPILER_APPICON_NAME</key>
				<string>Canoe</string>
				<key>ASSETCATALOG_COMPILER_INCLUDE_ALL_APPICON_ASSETS</key>
				<string>YES</string>
				<key>COMBINE_HIDPI_IMAGES</key>
				<string>YES</string>
				<key>INFOPLIST_FILE</key>
				<string>Resources/Canoe-Info.plist</string>
				<key>LD_RUNPATH_SEARCH_PATHS</key>
				<array>
					<string>$(inherited)</string>
					<string>@executable_path/../Frameworks</string>
				</array>
				<key>PRODUCT_NAME</key>
				<string>$(TARGET_NAME)</string>
				<key>SDKROOT</key>
				<string>macosx</string>
				<key>ARCHS</key>
				<string>arm64</string>
			</dict>
		</dict>
		<key>6850E5B9C68BF60B68A943C6</key>
		<dict>
			<key>isa</key>
			<string>XCConfigurationList</string>
			<key>buildConfigurations</key>
			<array>
				<string>2128AA0480C6766107F0D097</string>
				<string>F41EBBA47A68DF6724DC7BB7</string>
			</array>
			<key>defaultConfigurationIsVisible</key>
			<string>0</string>
			<key>defaultConfigurationName</key>
			<string>Debug</string>
		</dict>
		<key>D962F559289912E8F73688D8</key>
		<dict>
			<key>isa</key>
			<string>PBXNativeTarget</string>
			<key>buildConfigurationList</key>
			<string>6850E5B9C68BF60B68A943C6</string>
			<key>buildPhases</key>
			<array>
				<string>7266E2F86B0B73E70D721086</string>
				<string>D77F238449FA6F85FB686D25</string>
				<string>0EC89305B2573410CD8066D1</string>
			</array>
			<key>buildRules</key>
			<array/>
			<key>dependencies</key>
			<array/>
			<key>name</key>
			<string>Canoe</string>
			<key>packageProductDependencies</key>
			<array>
				<string>74E72CF42B8634395F0FDCC3</string>
				<string>FF15BF062530894B0C95CAFD</string>
			</array>
			<key>productName</key>
			<string>Canoe</string>
			<key>productReference</key>
			<string>662302FADABA0FC9249D80BB</string>
			<key>productType</key>
			<string>com.apple.product-type.application</string>
		</dict>
		<key>E7688415334C6C5ED0EED516</key>
		<dict>
			<key>isa</key>
			<string>PBXProject</string>
			<key>attributes</key>
			<dict>
				<key>BuildIndependentTargetsInParallel</key>
				<string>YES</string>
				<key>LastUpgradeCheck</key>
				<string>1430</string>
			</dict>
			<key>buildConfigurationList</key>
			<string>9BBD7A742431E16B5A65D70D</string>
			<key>developmentRegion</key>
			<string>en</string>
			<key>hasScannedForEncodings</key>
			<string>0</string>
			<key>knownRegions</key>
			<array>
				<string>Base</string>
				<string>en</string>
			</array>
			<key>mainGroup</key>
			<string>73AB6D520ABDB14FD9A5B9CD</string>
			<key>packageReferences</key>
			<array>
				<string>869AB0784AA493E4F37F03A3</string>
				<string>BE1F2D6A76591C58F007DDBF</string>
			</array>
			<key>productRefGroup</key>
			<string>DB1220D8A260A6C1FF20221A</string>
			<key>projectDirPath</key>
			<string></string>
			<key>projectRoot</key>
			<string></string>
			<key>targets</key>
			<array>
				<string>D962F559289912E8F73688D8</string>
			</array>
		</dict>
		<key>6A4FDD33527FCA9E18066D40</key>
		<dict>
			<key>isa</key>
			<string>PBXFileReference</string>
			<key>lastKnownFileType</key>
			<string>sourcecode.swift</string>
			<key>path</key>
			<string>SettingsPane.swift</string>
			<key>sourceTree</key>
			<string>&lt;group&gt;</string>
		</dict>
		<key>1F8AC31336123D7B6B6F3793</key>
		<dict>
			<key>isa</key>
			<string>PBXBuildFile</string>
			<key>fileRef</key>
			<string>6A4FDD33527FCA9E18066D40</string>
		</dict>
		<key>137D1D6E37B8A11B4D37E183</key>
		<dict>
			<key>isa</key>
			<string>PBXFileReference</string>
			<key>lastKnownFileType</key>
			<string>sourcecode.swift</string>
			<key>path</key>
			<string>SettingsStore.swift</string>
			<key>sourceTree</key>
			<string>&lt;group&gt;</string>
		</dict>
		<key>DE3BDB28FBB02DC1D374E858</key>
		<dict>
			<key>isa</key>
			<string>PBXBuildFile</string>
			<key>fileRef</key>
			<string>137D1D6E37B8A11B4D37E183</string>
		</dict>
		<key>2283FDD636902F715B9EA43A</key>
		<dict>
			<key>isa</key>
			<string>PBXFileReference</string>
			<key>lastKnownFileType</key>
			<string>sourcecode.swift</string>
			<key>path</key>
			<string>SettingsNavigationState.swift</string>
			<key>sourceTree</key>
			<string>&lt;group&gt;</string>
		</dict>
		<key>88C8874CEB553C635FC615E1</key>
		<dict>
			<key>isa</key>
			<string>PBXBuildFile</string>
			<key>fileRef</key>
			<string>2283FDD636902F715B9EA43A</string>
		</dict>
		<key>7F81851A9499134081EA40A4</key>
		<dict>
			<key>isa</key>
			<string>PBXFileReference</string>
			<key>lastKnownFileType</key>
			<string>sourcecode.swift</string>
			<key>path</key>
			<string>SettingsSidebarView.swift</string>
			<key>sourceTree</key>
			<string>&lt;group&gt;</string>
		</dict>
		<key>0A5D7E21F15B7AF03E8DC169</key>
		<dict>
			<key>isa</key>
			<string>PBXBuildFile</string>
			<key>fileRef</key>
			<string>7F81851A9499134081EA40A4</string>
		</dict>
		<key>08143675D6935430BCB25A58</key>
		<dict>
			<key>isa</key>
			<string>PBXFileReference</string>
			<key>lastKnownFileType</key>
			<string>sourcecode.swift</string>
			<key>path</key>
			<string>SettingsView.swift</string>
			<key>sourceTree</key>
			<string>&lt;group&gt;</string>
		</dict>
		<key>C14EDB0FA3AB53F6168F5D42</key>
		<dict>
			<key>isa</key>
			<string>PBXBuildFile</string>
			<key>fileRef</key>
			<string>08143675D6935430BCB25A58</string>
		</dict>
		<key>170D2D466F13D90455403FB6</key>
		<dict>
			<key>isa</key>
			<string>PBXGroup</string>
			<key>children</key>
			<array>
				<string>8FCAA47A2F3E81FE4322D17B</string>
				<string>6A4FDD33527FCA9E18066D40</string>
			</array>
			<key>sourceTree</key>
			<string>&lt;group&gt;</string>
			<key>path</key>
			<string>Models</string>
		</dict>
		<key>6989C014FB3457212FEBBEC8</key>
		<dict>
			<key>isa</key>
			<string>PBXGroup</string>
			<key>children</key>
			<array>
				<string>137D1D6E37B8A11B4D37E183</string>
			</array>
			<key>sourceTree</key>
			<string>&lt;group&gt;</string>
			<key>path</key>
			<string>Services</string>
		</dict>
		<key>38D2CD693F07404E55947698</key>
		<dict>
			<key>isa</key>
			<string>PBXGroup</string>
			<key>children</key>
			<array>
				<string>2283FDD636902F715B9EA43A</string>
			</array>
			<key>sourceTree</key>
			<string>&lt;group&gt;</string>
			<key>path</key>
			<string>State</string>
		</dict>
		<key>8474E236BDDC5FEFAA16C24C</key>
		<dict>
			<key>isa</key>
			<string>PBXGroup</string>
			<key>children</key>
			<array>
				<string>7F81851A9499134081EA40A4</string>
				<string>3A8101BD8B30740A1E2A214B</string>
				<string>6A8638EC3B3890264968652F</string>
				<string>08143675D6935430BCB25A58</string>
			</array>
			<key>sourceTree</key>
			<string>&lt;group&gt;</string>
			<key>path</key>
			<string>Views</string>
		</dict>
		<key>B5B6206BD20548AC78A2717D</key>
		<dict>
			<key>isa</key>
			<string>PBXGroup</string>
			<key>children</key>
			<array>
				<string>170D2D466F13D90455403FB6</string>
				<string>6989C014FB3457212FEBBEC8</string>
				<string>38D2CD693F07404E55947698</string>
				<string>8474E236BDDC5FEFAA16C24C</string>
			</array>
			<key>sourceTree</key>
			<string>&lt;group&gt;</string>
			<key>path</key>
			<string>Settings</string>
		</dict>
		<key>3A8101BD8B30740A1E2A214B</key>
		<dict>
			<key>isa</key>
			<string>PBXFileReference</string>
			<key>lastKnownFileType</key>
			<string>sourcecode.swift</string>
			<key>path</key>
			<string>SettingsSplitViewController.swift</string>
			<key>sourceTree</key>
			<string>&lt;group&gt;</string>
		</dict>
		<key>6D9D1EDD9BB7BCEA1746509F</key>
		<dict>
			<key>isa</key>
			<string>PBXBuildFile</string>
			<key>fileRef</key>
			<string>3A8101BD8B30740A1E2A214B</string>
		</dict>
		<key>6A8638EC3B3890264968652F</key>
		<dict>
			<key>isa</key>
			<string>PBXFileReference</string>
			<key>lastKnownFileType</key>
			<string>sourcecode.swift</string>
			<key>path</key>
			<string>SettingsToolbarController.swift</string>
			<key>sourceTree</key>
			<string>&lt;group&gt;</string>
		</dict>
		<key>716EB593D3C5F3F6A0E98B7B</key>
		<dict>
			<key>isa</key>
			<string>PBXBuildFile</string>
			<key>fileRef</key>
			<string>6A8638EC3B3890264968652F</string>
		</dict>
		<key>8FCAA47A2F3E81FE4322D17B</key>
		<dict>
			<key>isa</key>
			<string>PBXFileReference</string>
			<key>lastKnownFileType</key>
			<string>sourcecode.swift</string>
			<key>path</key>
			<string>AppSettings.swift</string>
			<key>sourceTree</key>
			<string>&lt;group&gt;</string>
		</dict>
		<key>441A6C97166625F1A62DD556</key>
		<dict>
			<key>isa</key>
			<string>PBXBuildFile</string>
			<key>fileRef</key>
			<string>8FCAA47A2F3E81FE4322D17B</string>
		</dict>
	</dict>
	<key>rootObject</key>
	<string>E7688415334C6C5ED0EED516</string>
</dict>
</plist>
